// !$*UTF8*$!
{
	archiveVersion = 1;
	classes = {
	};
	objectVersion = 56;
	objects = {

/* Begin PBXBuildFile section */
		6B0937BD2A56EAD3003EF402 /* HeadlineView.swift in Sources */ = {isa = PBXBuildFile; fileRef = 6B0937BC2A56EAD3003EF402 /* HeadlineView.swift */; };
		6B0937BF2A56ECC8003EF402 /* LocalNote2023App.swift in Sources */ = {isa = PBXBuildFile; fileRef = 6B0937BE2A56ECC8003EF402 /* LocalNote2023App.swift */; };
		6B0937C12A56ED13003EF402 /* OverviewView.swift in Sources */ = {isa = PBXBuildFile; fileRef = 6B0937C02A56ED13003EF402 /* OverviewView.swift */; };
		6B9AAC692A447CE100AD292A /* SpezAnwDInfApp.swift in Sources */ = {isa = PBXBuildFile; fileRef = 6B9AAC682A447CE100AD292A /* SpezAnwDInfApp.swift */; };
		6B9AAC6B2A447CE100AD292A /* ContentView.swift in Sources */ = {isa = PBXBuildFile; fileRef = 6B9AAC6A2A447CE100AD292A /* ContentView.swift */; };
		6B9AAC6D2A447CE200AD292A /* Assets.xcassets in Resources */ = {isa = PBXBuildFile; fileRef = 6B9AAC6C2A447CE200AD292A /* Assets.xcassets */; };
		6B9AAC702A447CE200AD292A /* Preview Assets.xcassets in Resources */ = {isa = PBXBuildFile; fileRef = 6B9AAC6F2A447CE200AD292A /* Preview Assets.xcassets */; };
		6B9AAC7F2A447CE300AD292A /* SpezAnwDInfTests.swift in Sources */ = {isa = PBXBuildFile; fileRef = 6B9AAC7E2A447CE300AD292A /* SpezAnwDInfTests.swift */; };
		6B9AAC892A447CE300AD292A /* SpezAnwDInfUITests.swift in Sources */ = {isa = PBXBuildFile; fileRef = 6B9AAC882A447CE300AD292A /* SpezAnwDInfUITests.swift */; };
		6B9AAC8B2A447CE300AD292A /* SpezAnwDInfUITestsLaunchTests.swift in Sources */ = {isa = PBXBuildFile; fileRef = 6B9AAC8A2A447CE300AD292A /* SpezAnwDInfUITestsLaunchTests.swift */; };
/* End PBXBuildFile section */

/* Begin PBXContainerItemProxy section */
		6B9AAC7B2A447CE300AD292A /* PBXContainerItemProxy */ = {
			isa = PBXContainerItemProxy;
			containerPortal = 6B9AAC5D2A447CE100AD292A /* Project object */;
			proxyType = 1;
			remoteGlobalIDString = 6B9AAC642A447CE100AD292A;
			remoteInfo = SpezAnwDInf;
		};
		6B9AAC852A447CE300AD292A /* PBXContainerItemProxy */ = {
			isa = PBXContainerItemProxy;
			containerPortal = 6B9AAC5D2A447CE100AD292A /* Project object */;
			proxyType = 1;
			remoteGlobalIDString = 6B9AAC642A447CE100AD292A;
			remoteInfo = SpezAnwDInf;
		};
/* End PBXContainerItemProxy section */

/* Begin PBXFileReference section */
		6B0937BC2A56EAD3003EF402 /* HeadlineView.swift */ = {isa = PBXFileReference; lastKnownFileType = sourcecode.swift; path = HeadlineView.swift; sourceTree = "<group>"; };
		6B0937BE2A56ECC8003EF402 /* LocalNote2023App.swift */ = {isa = PBXFileReference; lastKnownFileType = sourcecode.swift; path = LocalNote2023App.swift; sourceTree = "<group>"; };
		6B0937C02A56ED13003EF402 /* OverviewView.swift */ = {isa = PBXFileReference; lastKnownFileType = sourcecode.swift; path = OverviewView.swift; sourceTree = "<group>"; };
		6B9AAC652A447CE100AD292A /* SpezAnwDInf.app */ = {isa = PBXFileReference; explicitFileType = wrapper.application; includeInIndex = 0; path = SpezAnwDInf.app; sourceTree = BUILT_PRODUCTS_DIR; };
		6B9AAC682A447CE100AD292A /* SpezAnwDInfApp.swift */ = {isa = PBXFileReference; lastKnownFileType = sourcecode.swift; path = SpezAnwDInfApp.swift; sourceTree = "<group>"; };
		6B9AAC6A2A447CE100AD292A /* ContentView.swift */ = {isa = PBXFileReference; lastKnownFileType = sourcecode.swift; path = ContentView.swift; sourceTree = "<group>"; };
		6B9AAC6C2A447CE200AD292A /* Assets.xcassets */ = {isa = PBXFileReference; lastKnownFileType = folder.assetcatalog; path = Assets.xcassets; sourceTree = "<group>"; };
		6B9AAC6F2A447CE200AD292A /* Preview Assets.xcassets */ = {isa = PBXFileReference; lastKnownFileType = folder.assetcatalog; path = "Preview Assets.xcassets"; sourceTree = "<group>"; };
		6B9AAC7A2A447CE300AD292A /* SpezAnwDInfTests.xctest */ = {isa = PBXFileReference; explicitFileType = wrapper.cfbundle; includeInIndex = 0; path = SpezAnwDInfTests.xctest; sourceTree = BUILT_PRODUCTS_DIR; };
		6B9AAC7E2A447CE300AD292A /* SpezAnwDInfTests.swift */ = {isa = PBXFileReference; lastKnownFileType = sourcecode.swift; path = SpezAnwDInfTests.swift; sourceTree = "<group>"; };
		6B9AAC842A447CE300AD292A /* SpezAnwDInfUITests.xctest */ = {isa = PBXFileReference; explicitFileType = wrapper.cfbundle; includeInIndex = 0; path = SpezAnwDInfUITests.xctest; sourceTree = BUILT_PRODUCTS_DIR; };
		6B9AAC882A447CE300AD292A /* SpezAnwDInfUITests.swift */ = {isa = PBXFileReference; lastKnownFileType = sourcecode.swift; path = SpezAnwDInfUITests.swift; sourceTree = "<group>"; };
		6B9AAC8A2A447CE300AD292A /* SpezAnwDInfUITestsLaunchTests.swift */ = {isa = PBXFileReference; lastKnownFileType = sourcecode.swift; path = SpezAnwDInfUITestsLaunchTests.swift; sourceTree = "<group>"; };
/* End PBXFileReference section */

/* Begin PBXFrameworksBuildPhase section */
		6B9AAC622A447CE100AD292A /* Frameworks */ = {
			isa = PBXFrameworksBuildPhase;
			buildActionMask = 2147483647;
			files = (
			);
			runOnlyForDeploymentPostprocessing = 0;
		};
		6B9AAC772A447CE300AD292A /* Frameworks */ = {
			isa = PBXFrameworksBuildPhase;
			buildActionMask = 2147483647;
			files = (
			);
			runOnlyForDeploymentPostprocessing = 0;
		};
		6B9AAC812A447CE300AD292A /* Frameworks */ = {
			isa = PBXFrameworksBuildPhase;
			buildActionMask = 2147483647;
			files = (
			);
			runOnlyForDeploymentPostprocessing = 0;
		};
/* End PBXFrameworksBuildPhase section */

/* Begin PBXGroup section */
		6B9AAC5C2A447CE100AD292A = {
			isa = PBXGroup;
			children = (
				6B9AAC672A447CE100AD292A /* SpezAnwDInf */,
				6B9AAC7D2A447CE300AD292A /* SpezAnwDInfTests */,
				6B9AAC872A447CE300AD292A /* SpezAnwDInfUITests */,
				6B9AAC662A447CE100AD292A /* Products */,
			);
			sourceTree = "<group>";
		};
		6B9AAC662A447CE100AD292A /* Products */ = {
			isa = PBXGroup;
			children = (
				6B9AAC652A447CE100AD292A /* SpezAnwDInf.app */,
				6B9AAC7A2A447CE300AD292A /* SpezAnwDInfTests.xctest */,
				6B9AAC842A447CE300AD292A /* SpezAnwDInfUITests.xctest */,
			);
			name = Products;
			sourceTree = "<group>";
		};
		6B9AAC672A447CE100AD292A /* SpezAnwDInf */ = {
			isa = PBXGroup;
			children = (
				6B9AAC682A447CE100AD292A /* SpezAnwDInfApp.swift */,
				6B9AAC6A2A447CE100AD292A /* ContentView.swift */,
				6B9AAC6C2A447CE200AD292A /* Assets.xcassets */,
				6B9AAC6E2A447CE200AD292A /* Preview Content */,
				6B0937BC2A56EAD3003EF402 /* HeadlineView.swift */,
				6B0937BE2A56ECC8003EF402 /* LocalNote2023App.swift */,
				6B0937C02A56ED13003EF402 /* OverviewView.swift */,
			);
			path = SpezAnwDInf;
			sourceTree = "<group>";
		};
		6B9AAC6E2A447CE200AD292A /* Preview Content */ = {
			isa = PBXGroup;
			children = (
				6B9AAC6F2A447CE200AD292A /* Preview Assets.xcassets */,
			);
			path = "Preview Content";
			sourceTree = "<group>";
		};
		6B9AAC7D2A447CE300AD292A /* SpezAnwDInfTests */ = {
			isa = PBXGroup;
			children = (
				6B9AAC7E2A447CE300AD292A /* SpezAnwDInfTests.swift */,
			);
			path = SpezAnwDInfTests;
			sourceTree = "<group>";
		};
		6B9AAC872A447CE300AD292A /* SpezAnwDInfUITests */ = {
			isa = PBXGroup;
			children = (
				6B9AAC882A447CE300AD292A /* SpezAnwDInfUITests.swift */,
				6B9AAC8A2A447CE300AD292A /* SpezAnwDInfUITestsLaunchTests.swift */,
			);
			path = SpezAnwDInfUITests;
			sourceTree = "<group>";
		};
/* End PBXGroup section */

/* Begin PBXNativeTarget section */
		6B9AAC642A447CE100AD292A /* SpezAnwDInf */ = {
			isa = PBXNativeTarget;
			buildConfigurationList = 6B9AAC8E2A447CE300AD292A /* Build configuration list for PBXNativeTarget "SpezAnwDInf" */;
			buildPhases = (
				6B9AAC612A447CE100AD292A /* Sources */,
				6B9AAC622A447CE100AD292A /* Frameworks */,
				6B9AAC632A447CE100AD292A /* Resources */,
			);
			buildRules = (
			);
			dependencies = (
			);
			name = SpezAnwDInf;
			productName = SpezAnwDInf;
			productReference = 6B9AAC652A447CE100AD292A /* SpezAnwDInf.app */;
			productType = "com.apple.product-type.application";
		};
		6B9AAC792A447CE300AD292A /* SpezAnwDInfTests */ = {
			isa = PBXNativeTarget;
			buildConfigurationList = 6B9AAC912A447CE300AD292A /* Build configuration list for PBXNativeTarget "SpezAnwDInfTests" */;
			buildPhases = (
				6B9AAC762A447CE300AD292A /* Sources */,
				6B9AAC772A447CE300AD292A /* Frameworks */,
				6B9AAC782A447CE300AD292A /* Resources */,
			);
			buildRules = (
			);
			dependencies = (
				6B9AAC7C2A447CE300AD292A /* PBXTargetDependency */,
			);
			name = SpezAnwDInfTests;
			productName = SpezAnwDInfTests;
			productReference = 6B9AAC7A2A447CE300AD292A /* SpezAnwDInfTests.xctest */;
			productType = "com.apple.product-type.bundle.unit-test";
		};
		6B9AAC832A447CE300AD292A /* SpezAnwDInfUITests */ = {
			isa = PBXNativeTarget;
			buildConfigurationList = 6B9AAC942A447CE300AD292A /* Build configuration list for PBXNativeTarget "SpezAnwDInfUITests" */;
			buildPhases = (
				6B9AAC802A447CE300AD292A /* Sources */,
				6B9AAC812A447CE300AD292A /* Frameworks */,
				6B9AAC822A447CE300AD292A /* Resources */,
			);
			buildRules = (
			);
			dependencies = (
				6B9AAC862A447CE300AD292A /* PBXTargetDependency */,
			);
			name = SpezAnwDInfUITests;
			productName = SpezAnwDInfUITests;
			productReference = 6B9AAC842A447CE300AD292A /* SpezAnwDInfUITests.xctest */;
			productType = "com.apple.product-type.bundle.ui-testing";
		};
/* End PBXNativeTarget section */

/* Begin PBXProject section */
		6B9AAC5D2A447CE100AD292A /* Project object */ = {
			isa = PBXProject;
			attributes = {
				BuildIndependentTargetsInParallel = 1;
				LastSwiftUpdateCheck = 1430;
				LastUpgradeCheck = 1430;
				TargetAttributes = {
					6B9AAC642A447CE100AD292A = {
						CreatedOnToolsVersion = 14.3.1;
					};
					6B9AAC792A447CE300AD292A = {
						CreatedOnToolsVersion = 14.3.1;
						TestTargetID = 6B9AAC642A447CE100AD292A;
					};
					6B9AAC832A447CE300AD292A = {
						CreatedOnToolsVersion = 14.3.1;
						TestTargetID = 6B9AAC642A447CE100AD292A;
					};
				};
			};
			buildConfigurationList = 6B9AAC602A447CE100AD292A /* Build configuration list for PBXProject "SpezAnwDInf" */;
			compatibilityVersion = "Xcode 14.0";
			developmentRegion = en;
			hasScannedForEncodings = 0;
			knownRegions = (
				en,
				Base,
			);
			mainGroup = 6B9AAC5C2A447CE100AD292A;
			productRefGroup = 6B9AAC662A447CE100AD292A /* Products */;
			projectDirPath = "";
			projectRoot = "";
			targets = (
				6B9AAC642A447CE100AD292A /* SpezAnwDInf */,
				6B9AAC792A447CE300AD292A /* SpezAnwDInfTests */,
				6B9AAC832A447CE300AD292A /* SpezAnwDInfUITests */,
			);
		};
/* End PBXProject section */

/* Begin PBXResourcesBuildPhase section */
		6B9AAC632A447CE100AD292A /* Resources */ = {
			isa = PBXResourcesBuildPhase;
			buildActionMask = 2147483647;
			files = (
				6B9AAC702A447CE200AD292A /* Preview Assets.xcassets in Resources */,
				6B9AAC6D2A447CE200AD292A /* Assets.xcassets in Resources */,
			);
			runOnlyForDeploymentPostprocessing = 0;
		};
		6B9AAC782A447CE300AD292A /* Resources */ = {
			isa = PBXResourcesBuildPhase;
			buildActionMask = 2147483647;
			files = (
			);
			runOnlyForDeploymentPostprocessing = 0;
		};
		6B9AAC822A447CE300AD292A /* Resources */ = {
			isa = PBXResourcesBuildPhase;
			buildActionMask = 2147483647;
			files = (
			);
			runOnlyForDeploymentPostprocessing = 0;
		};
/* End PBXResourcesBuildPhase section */

/* Begin PBXSourcesBuildPhase section */
		6B9AAC612A447CE100AD292A /* Sources */ = {
			isa = PBXSourcesBuildPhase;
			buildActionMask = 2147483647;
			files = (
				6B9AAC6B2A447CE100AD292A /* ContentView.swift in Sources */,
				6B9AAC692A447CE100AD292A /* SpezAnwDInfApp.swift in Sources */,
				6B0937BF2A56ECC8003EF402 /* LocalNote2023App.swift in Sources */,
				6B0937C12A56ED13003EF402 /* OverviewView.swift in Sources */,
				6B0937BD2A56EAD3003EF402 /* HeadlineView.swift in Sources */,
			);
			runOnlyForDeploymentPostprocessing = 0;
		};
		6B9AAC762A447CE300AD292A /* Sources */ = {
			isa = PBXSourcesBuildPhase;
			buildActionMask = 2147483647;
			files = (
				6B9AAC7F2A447CE300AD292A /* SpezAnwDInfTests.swift in Sources */,
			);
			runOnlyForDeploymentPostprocessing = 0;
		};
		6B9AAC802A447CE300AD292A /* Sources */ = {
			isa = PBXSourcesBuildPhase;
			buildActionMask = 2147483647;
			files = (
				6B9AAC8B2A447CE300AD292A /* SpezAnwDInfUITestsLaunchTests.swift in Sources */,
				6B9AAC892A447CE300AD292A /* SpezAnwDInfUITests.swift in Sources */,
			);
			runOnlyForDeploymentPostprocessing = 0;
		};
/* End PBXSourcesBuildPhase section */

/* Begin PBXTargetDependency section */
		6B9AAC7C2A447CE300AD292A /* PBXTargetDependency */ = {
			isa = PBXTargetDependency;
			target = 6B9AAC642A447CE100AD292A /* SpezAnwDInf */;
			targetProxy = 6B9AAC7B2A447CE300AD292A /* PBXContainerItemProxy */;
		};
		6B9AAC862A447CE300AD292A /* PBXTargetDependency */ = {
			isa = PBXTargetDependency;
			target = 6B9AAC642A447CE100AD292A /* SpezAnwDInf */;
			targetProxy = 6B9AAC852A447CE300AD292A /* PBXContainerItemProxy */;
		};
/* End PBXTargetDependency section */

/* Begin XCBuildConfiguration section */
		6B9AAC8C2A447CE300AD292A /* Debug */ = {
			isa = XCBuildConfiguration;
			buildSettings = {
				ALWAYS_SEARCH_USER_PATHS = NO;
				CLANG_ANALYZER_NONNULL = YES;
				CLANG_ANALYZER_NUMBER_OBJECT_CONVERSION = YES_AGGRESSIVE;
				CLANG_CXX_LANGUAGE_STANDARD = "gnu++20";
				CLANG_ENABLE_MODULES = YES;
				CLANG_ENABLE_OBJC_ARC = YES;
				CLANG_ENABLE_OBJC_WEAK = YES;
				CLANG_WARN_BLOCK_CAPTURE_AUTORELEASING = YES;
				CLANG_WARN_BOOL_CONVERSION = YES;
				CLANG_WARN_COMMA = YES;
				CLANG_WARN_CONSTANT_CONVERSION = YES;
				CLANG_WARN_DEPRECATED_OBJC_IMPLEMENTATIONS = YES;
				CLANG_WARN_DIRECT_OBJC_ISA_USAGE = YES_ERROR;
				CLANG_WARN_DOCUMENTATION_COMMENTS = YES;
				CLANG_WARN_EMPTY_BODY = YES;
				CLANG_WARN_ENUM_CONVERSION = YES;
				CLANG_WARN_INFINITE_RECURSION = YES;
				CLANG_WARN_INT_CONVERSION = YES;
				CLANG_WARN_NON_LITERAL_NULL_CONVERSION = YES;
				CLANG_WARN_OBJC_IMPLICIT_RETAIN_SELF = YES;
				CLANG_WARN_OBJC_LITERAL_CONVERSION = YES;
				CLANG_WARN_OBJC_ROOT_CLASS = YES_ERROR;
				CLANG_WARN_QUOTED_INCLUDE_IN_FRAMEWORK_HEADER = YES;
				CLANG_WARN_RANGE_LOOP_ANALYSIS = YES;
				CLANG_WARN_STRICT_PROTOTYPES = YES;
				CLANG_WARN_SUSPICIOUS_MOVE = YES;
				CLANG_WARN_UNGUARDED_AVAILABILITY = YES_AGGRESSIVE;
				CLANG_WARN_UNREACHABLE_CODE = YES;
				CLANG_WARN__DUPLICATE_METHOD_MATCH = YES;
				COPY_PHASE_STRIP = NO;
				DEBUG_INFORMATION_FORMAT = dwarf;
				ENABLE_STRICT_OBJC_MSGSEND = YES;
				ENABLE_TESTABILITY = YES;
				GCC_C_LANGUAGE_STANDARD = gnu11;
				GCC_DYNAMIC_NO_PIC = NO;
				GCC_NO_COMMON_BLOCKS = YES;
				GCC_OPTIMIZATION_LEVEL = 0;
				GCC_PREPROCESSOR_DEFINITIONS = (
					"DEBUG=1",
					"$(inherited)",
				);
				GCC_WARN_64_TO_32_BIT_CONVERSION = YES;
				GCC_WARN_ABOUT_RETURN_TYPE = YES_ERROR;
				GCC_WARN_UNDECLARED_SELECTOR = YES;
				GCC_WARN_UNINITIALIZED_AUTOS = YES_AGGRESSIVE;
				GCC_WARN_UNUSED_FUNCTION = YES;
				GCC_WARN_UNUSED_VARIABLE = YES;
				IPHONEOS_DEPLOYMENT_TARGET = 16.4;
				MTL_ENABLE_DEBUG_INFO = INCLUDE_SOURCE;
				MTL_FAST_MATH = YES;
				ONLY_ACTIVE_ARCH = YES;
				SDKROOT = iphoneos;
				SWIFT_ACTIVE_COMPILATION_CONDITIONS = DEBUG;
				SWIFT_OPTIMIZATION_LEVEL = "-Onone";
			};
			name = Debug;
		};
		6B9AAC8D2A447CE300AD292A /* Release */ = {
			isa = XCBuildConfiguration;
			buildSettings = {
				ALWAYS_SEARCH_USER_PATHS = NO;
				CLANG_ANALYZER_NONNULL = YES;
				CLANG_ANALYZER_NUMBER_OBJECT_CONVERSION = YES_AGGRESSIVE;
				CLANG_CXX_LANGUAGE_STANDARD = "gnu++20";
				CLANG_ENABLE_MODULES = YES;
				CLANG_ENABLE_OBJC_ARC = YES;
				CLANG_ENABLE_OBJC_WEAK = YES;
				CLANG_WARN_BLOCK_CAPTURE_AUTORELEASING = YES;
				CLANG_WARN_BOOL_CONVERSION = YES;
				CLANG_WARN_COMMA = YES;
				CLANG_WARN_CONSTANT_CONVERSION = YES;
				CLANG_WARN_DEPRECATED_OBJC_IMPLEMENTATIONS = YES;
				CLANG_WARN_DIRECT_OBJC_ISA_USAGE = YES_ERROR;
				CLANG_WARN_DOCUMENTATION_COMMENTS = YES;
				CLANG_WARN_EMPTY_BODY = YES;
				CLANG_WARN_ENUM_CONVERSION = YES;
				CLANG_WARN_INFINITE_RECURSION = YES;
				CLANG_WARN_INT_CONVERSION = YES;
				CLANG_WARN_NON_LITERAL_NULL_CONVERSION = YES;
				CLANG_WARN_OBJC_IMPLICIT_RETAIN_SELF = YES;
				CLANG_WARN_OBJC_LITERAL_CONVERSION = YES;
				CLANG_WARN_OBJC_ROOT_CLASS = YES_ERROR;
				CLANG_WARN_QUOTED_INCLUDE_IN_FRAMEWORK_HEADER = YES;
				CLANG_WARN_RANGE_LOOP_ANALYSIS = YES;
				CLANG_WARN_STRICT_PROTOTYPES = YES;
				CLANG_WARN_SUSPICIOUS_MOVE = YES;
				CLANG_WARN_UNGUARDED_AVAILABILITY = YES_AGGRESSIVE;
				CLANG_WARN_UNREACHABLE_CODE = YES;
				CLANG_WARN__DUPLICATE_METHOD_MATCH = YES;
				COPY_PHASE_STRIP = NO;
				DEBUG_INFORMATION_FORMAT = "dwarf-with-dsym";
				ENABLE_NS_ASSERTIONS = NO;
				ENABLE_STRICT_OBJC_MSGSEND = YES;
				GCC_C_LANGUAGE_STANDARD = gnu11;
				GCC_NO_COMMON_BLOCKS = YES;
				GCC_WARN_64_TO_32_BIT_CONVERSION = YES;
				GCC_WARN_ABOUT_RETURN_TYPE = YES_ERROR;
				GCC_WARN_UNDECLARED_SELECTOR = YES;
				GCC_WARN_UNINITIALIZED_AUTOS = YES_AGGRESSIVE;
				GCC_WARN_UNUSED_FUNCTION = YES;
				GCC_WARN_UNUSED_VARIABLE = YES;
				IPHONEOS_DEPLOYMENT_TARGET = 16.4;
				MTL_ENABLE_DEBUG_INFO = NO;
				MTL_FAST_MATH = YES;
				SDKROOT = iphoneos;
				SWIFT_COMPILATION_MODE = wholemodule;
				SWIFT_OPTIMIZATION_LEVEL = "-O";
				VALIDATE_PRODUCT = YES;
			};
			name = Release;
		};
		6B9AAC8F2A447CE300AD292A /* Debug */ = {
			isa = XCBuildConfiguration;
			buildSettings = {
				ASSETCATALOG_COMPILER_APPICON_NAME = AppIcon;
				ASSETCATALOG_COMPILER_GLOBAL_ACCENT_COLOR_NAME = AccentColor;
				CODE_SIGN_STYLE = Automatic;
				CURRENT_PROJECT_VERSION = 1;
				DEVELOPMENT_ASSET_PATHS = "\"SpezAnwDInf/Preview Content\"";
				DEVELOPMENT_TEAM = YSPZKU22WH;
				ENABLE_PREVIEWS = YES;
				GENERATE_INFOPLIST_FILE = YES;
				INFOPLIST_KEY_UIApplicationSceneManifest_Generation = YES;
				INFOPLIST_KEY_UIApplicationSupportsIndirectInputEvents = YES;
				INFOPLIST_KEY_UILaunchScreen_Generation = YES;
				INFOPLIST_KEY_UISupportedInterfaceOrientations_iPad = "UIInterfaceOrientationPortrait UIInterfaceOrientationPortraitUpsideDown UIInterfaceOrientationLandscapeLeft UIInterfaceOrientationLandscapeRight";
				INFOPLIST_KEY_UISupportedInterfaceOrientations_iPhone = "UIInterfaceOrientationPortrait UIInterfaceOrientationLandscapeLeft UIInterfaceOrientationLandscapeRight";
				LD_RUNPATH_SEARCH_PATHS = (
					"$(inherited)",
					"@executable_path/Frameworks",
				);
				MARKETING_VERSION = 1.0;
				PRODUCT_BUNDLE_IDENTIFIER = edu.htwb.ai.SpezAnwDInf;
				PRODUCT_NAME = "$(TARGET_NAME)";
				SWIFT_EMIT_LOC_STRINGS = YES;
				SWIFT_VERSION = 5.0;
				TARGETED_DEVICE_FAMILY = "1,2";
			};
			name = Debug;
		};
		6B9AAC902A447CE300AD292A /* Release */ = {
			isa = XCBuildConfiguration;
			buildSettings = {
				ASSETCATALOG_COMPILER_APPICON_NAME = AppIcon;
				ASSETCATALOG_COMPILER_GLOBAL_ACCENT_COLOR_NAME = AccentColor;
				CODE_SIGN_STYLE = Automatic;
				CURRENT_PROJECT_VERSION = 1;
				DEVELOPMENT_ASSET_PATHS = "\"SpezAnwDInf/Preview Content\"";
				DEVELOPMENT_TEAM = YSPZKU22WH;
				ENABLE_PREVIEWS = YES;
				GENERATE_INFOPLIST_FILE = YES;
				INFOPLIST_KEY_UIApplicationSceneManifest_Generation = YES;
				INFOPLIST_KEY_UIApplicationSupportsIndirectInputEvents = YES;
				INFOPLIST_KEY_UILaunchScreen_Generation = YES;
				INFOPLIST_KEY_UISupportedInterfaceOrientations_iPad = "UIInterfaceOrientationPortrait UIInterfaceOrientationPortraitUpsideDown UIInterfaceOrientationLandscapeLeft UIInterfaceOrientationLandscapeRight";
				INFOPLIST_KEY_UISupportedInterfaceOrientations_iPhone = "UIInterfaceOrientationPortrait UIInterfaceOrientationLandscapeLeft UIInterfaceOrientationLandscapeRight";
				LD_RUNPATH_SEARCH_PATHS = (
					"$(inherited)",
					"@executable_path/Frameworks",
				);
				MARKETING_VERSION = 1.0;
				PRODUCT_BUNDLE_IDENTIFIER = edu.htwb.ai.SpezAnwDInf;
				PRODUCT_NAME = "$(TARGET_NAME)";
				SWIFT_EMIT_LOC_STRINGS = YES;
				SWIFT_VERSION = 5.0;
				TARGETED_DEVICE_FAMILY = "1,2";
			};
			name = Release;
		};
		6B9AAC922A447CE300AD292A /* Debug */ = {
			isa = XCBuildConfiguration;
			buildSettings = {
				ALWAYS_EMBED_SWIFT_STANDARD_LIBRARIES = YES;
				BUNDLE_LOADER = "$(TEST_HOST)";
				CODE_SIGN_STYLE = Automatic;
				CURRENT_PROJECT_VERSION = 1;
				DEVELOPMENT_TEAM = YSPZKU22WH;
				GENERATE_INFOPLIST_FILE = YES;
				IPHONEOS_DEPLOYMENT_TARGET = 16.4;
				MARKETING_VERSION = 1.0;
				PRODUCT_BUNDLE_IDENTIFIER = edu.htwb.ai.SpezAnwDInfTests;
				PRODUCT_NAME = "$(TARGET_NAME)";
				SWIFT_EMIT_LOC_STRINGS = NO;
				SWIFT_VERSION = 5.0;
				TARGETED_DEVICE_FAMILY = "1,2";
				TEST_HOST = "$(BUILT_PRODUCTS_DIR)/SpezAnwDInf.app/$(BUNDLE_EXECUTABLE_FOLDER_PATH)/SpezAnwDInf";
			};
			name = Debug;
		};
		6B9AAC932A447CE300AD292A /* Release */ = {
			isa = XCBuildConfiguration;
			buildSettings = {
				ALWAYS_EMBED_SWIFT_STANDARD_LIBRARIES = YES;
				BUNDLE_LOADER = "$(TEST_HOST)";
				CODE_SIGN_STYLE = Automatic;
				CURRENT_PROJECT_VERSION = 1;
				DEVELOPMENT_TEAM = YSPZKU22WH;
				GENERATE_INFOPLIST_FILE = YES;
				IPHONEOS_DEPLOYMENT_TARGET = 16.4;
				MARKETING_VERSION = 1.0;
				PRODUCT_BUNDLE_IDENTIFIER = edu.htwb.ai.SpezAnwDInfTests;
				PRODUCT_NAME = "$(TARGET_NAME)";
				SWIFT_EMIT_LOC_STRINGS = NO;
				SWIFT_VERSION = 5.0;
				TARGETED_DEVICE_FAMILY = "1,2";
				TEST_HOST = "$(BUILT_PRODUCTS_DIR)/SpezAnwDInf.app/$(BUNDLE_EXECUTABLE_FOLDER_PATH)/SpezAnwDInf";
			};
			name = Release;
		};
		6B9AAC952A447CE300AD292A /* Debug */ = {
			isa = XCBuildConfiguration;
			buildSettings = {
				ALWAYS_EMBED_SWIFT_STANDARD_LIBRARIES = YES;
				CODE_SIGN_STYLE = Automatic;
				CURRENT_PROJECT_VERSION = 1;
				DEVELOPMENT_TEAM = YSPZKU22WH;
				GENERATE_INFOPLIST_FILE = YES;
				MARKETING_VERSION = 1.0;
				PRODUCT_BUNDLE_IDENTIFIER = edu.htwb.ai.SpezAnwDInfUITests;
				PRODUCT_NAME = "$(TARGET_NAME)";
				SWIFT_EMIT_LOC_STRINGS = NO;
				SWIFT_VERSION = 5.0;
				TARGETED_DEVICE_FAMILY = "1,2";
				TEST_TARGET_NAME = SpezAnwDInf;
			};
			name = Debug;
		};
		6B9AAC962A447CE300AD292A /* Release */ = {
			isa = XCBuildConfiguration;
			buildSettings = {
				ALWAYS_EMBED_SWIFT_STANDARD_LIBRARIES = YES;
				CODE_SIGN_STYLE = Automatic;
				CURRENT_PROJECT_VERSION = 1;
				DEVELOPMENT_TEAM = YSPZKU22WH;
				GENERATE_INFOPLIST_FILE = YES;
				MARKETING_VERSION = 1.0;
				PRODUCT_BUNDLE_IDENTIFIER = edu.htwb.ai.SpezAnwDInfUITests;
				PRODUCT_NAME = "$(TARGET_NAME)";
				SWIFT_EMIT_LOC_STRINGS = NO;
				SWIFT_VERSION = 5.0;
				TARGETED_DEVICE_FAMILY = "1,2";
				TEST_TARGET_NAME = SpezAnwDInf;
			};
			name = Release;
		};
/* End XCBuildConfiguration section */

/* Begin XCConfigurationList section */
		6B9AAC602A447CE100AD292A /* Build configuration list for PBXProject "SpezAnwDInf" */ = {
			isa = XCConfigurationList;
			buildConfigurations = (
				6B9AAC8C2A447CE300AD292A /* Debug */,
				6B9AAC8D2A447CE300AD292A /* Release */,
			);
			defaultConfigurationIsVisible = 0;
			defaultConfigurationName = Release;
		};
		6B9AAC8E2A447CE300AD292A /* Build configuration list for PBXNativeTarget "SpezAnwDInf" */ = {
			isa = XCConfigurationList;
			buildConfigurations = (
				6B9AAC8F2A447CE300AD292A /* Debug */,
				6B9AAC902A447CE300AD292A /* Release */,
			);
			defaultConfigurationIsVisible = 0;
			defaultConfigurationName = Release;
		};
		6B9AAC912A447CE300AD292A /* Build configuration list for PBXNativeTarget "SpezAnwDInfTests" */ = {
			isa = XCConfigurationList;
			buildConfigurations = (
				6B9AAC922A447CE300AD292A /* Debug */,
				6B9AAC932A447CE300AD292A /* Release */,
			);
			defaultConfigurationIsVisible = 0;
			defaultConfigurationName = Release;
		};
		6B9AAC942A447CE300AD292A /* Build configuration list for PBXNativeTarget "SpezAnwDInfUITests" */ = {
			isa = XCConfigurationList;
			buildConfigurations = (
				6B9AAC952A447CE300AD292A /* Debug */,
				6B9AAC962A447CE300AD292A /* Release */,
			);
			defaultConfigurationIsVisible = 0;
			defaultConfigurationName = Release;
		};
/* End XCConfigurationList section */
	};
	rootObject = 6B9AAC5D2A447CE100AD292A /* Project object */;
}
